// !$*UTF8*$!
{
	archiveVersion = 1;
	classes = {
	};
	objectVersion = 56;
	objects = {

/* Begin PBXBuildFile section */
		0C99E5932FB9FC02003471C4 /* Assets.xcassets in Resources */ = {isa = PBXBuildFile; fileRef = 0C99E5922FB9FC02003471C4 /* Assets.xcassets */; };
		0C99E5962FB9FC02003471C4 /* Preview Assets.xcassets in Resources */ = {isa = PBXBuildFile; fileRef = 0C99E5952FB9FC02003471C4 /* Preview Assets.xcassets */; };
		0C99E5A02FB9FC02003471C4 /* NewsAppTests.swift in Sources */ = {isa = PBXBuildFile; fileRef = 0C99E59F2FB9FC02003471C4 /* NewsAppTests.swift */; };
		0C99E5AA2FB9FC02003471C4 /* NewsAppUITests.swift in Sources */ = {isa = PBXBuildFile; fileRef = 0C99E5A92FB9FC02003471C4 /* NewsAppUITests.swift */; };
		0C99E5AC2FB9FC02003471C4 /* NewsAppUITestsLaunchTests.swift in Sources */ = {isa = PBXBuildFile; fileRef = 0C99E5AB2FB9FC02003471C4 /* NewsAppUITestsLaunchTests.swift */; };
		0C99E5EC2FBA083F003471C4 /* NewsApp.swift in Sources */ = {isa = PBXBuildFile; fileRef = 0C99E5EB2FBA083F003471C4 /* NewsApp.swift */; };
		0C99E5ED2FBA083F003471C4 /* NewsApp.swift in Sources */ = {isa = PBXBuildFile; fileRef = 0C99E5EB2FBA083F003471C4 /* NewsApp.swift */; };
		0C99E5EE2FBA083F003471C4 /* NewsApp.swift in Sources */ = {isa = PBXBuildFile; fileRef = 0C99E5EB2FBA083F003471C4 /* NewsApp.swift */; };
		0C99E5F32FBA0ABE003471C4 /* HomeViewController.swift in Sources */ = {isa = PBXBuildFile; fileRef = 0C99E5F22FBA0ABE003471C4 /* HomeViewController.swift */; };
		0C99E5F72FBA0AD8003471C4 /* ArticleCell.swift in Sources */ = {isa = PBXBuildFile; fileRef = 0C99E5F52FBA0AD8003471C4 /* ArticleCell.swift */; };
		0C99E5F82FBA0AD8003471C4 /* CategoryCell.swift in Sources */ = {isa = PBXBuildFile; fileRef = 0C99E5F62FBA0AD8003471C4 /* CategoryCell.swift */; };
		0C99E5FC2FBA0AEB003471C4 /* Category.swift in Sources */ = {isa = PBXBuildFile; fileRef = 0C99E5FA2FBA0AEB003471C4 /* Category.swift */; };
		0C99E5FD2FBA0AEB003471C4 /* Article.swift in Sources */ = {isa = PBXBuildFile; fileRef = 0C99E5FB2FBA0AEB003471C4 /* Article.swift */; };
		0C99E6002FBA0AFC003471C4 /* HomeScreen.swift in Sources */ = {isa = PBXBuildFile; fileRef = 0C99E5FF2FBA0AFC003471C4 /* HomeScreen.swift */; };
		0C99E6032FBA0B03003471C4 /* FirebaseAPIService.swift in Sources */ = {isa = PBXBuildFile; fileRef = 0C99E6022FBA0B03003471C4 /* FirebaseAPIService.swift */; };
		0C99E6052FBA0B15003471C4 /* GoogleService-Info.plist in Resources */ = {isa = PBXBuildFile; fileRef = 0C99E6042FBA0B15003471C4 /* GoogleService-Info.plist */; };
		0C99E6072FBA108E003471C4 /* ArticleDetailScreen.swift in Sources */ = {isa = PBXBuildFile; fileRef = 0C99E6062FBA108E003471C4 /* ArticleDetailScreen.swift */; };
		0C99E6092FBA109F003471C4 /* ArticleDetailViewController.swift in Sources */ = {isa = PBXBuildFile; fileRef = 0C99E6082FBA109F003471C4 /* ArticleDetailViewController.swift */; };
		0C99E60D2FBA11DD003471C4 /* UIImageView+AsyncLoad.swift in Sources */ = {isa = PBXBuildFile; fileRef = 0C99E60C2FBA11DD003471C4 /* UIImageView+AsyncLoad.swift */; };
		0C99E6102FBA1509003471C4 /* FirebaseAnalytics in Frameworks */ = {isa = PBXBuildFile; productRef = 0C99E60F2FBA1509003471C4 /* FirebaseAnalytics */; };
		0C99E6122FBA1509003471C4 /* FirebaseFirestore in Frameworks */ = {isa = PBXBuildFile; productRef = 0C99E6112FBA1509003471C4 /* FirebaseFirestore */; };
		0C99E6142FBA1509003471C4 /* FirebaseFirestoreSwift in Frameworks */ = {isa = PBXBuildFile; productRef = 0C99E6132FBA1509003471C4 /* FirebaseFirestoreSwift */; };
		0C99E6162FBAF586003471C4 /* FeaturedArticleView.swift in Sources */ = {isa = PBXBuildFile; fileRef = 0C99E6152FBAF585003471C4 /* FeaturedArticleView.swift */; };
		0C99E6182FBAFD3B003471C4 /* User.swift in Sources */ = {isa = PBXBuildFile; fileRef = 0C99E6172FBAFD3B003471C4 /* User.swift */; };
		0C99E61A2FBAFDA3003471C4 /* LoginScreen.swift in Sources */ = {isa = PBXBuildFile; fileRef = 0C99E6192FBAFDA3003471C4 /* LoginScreen.swift */; };
		0C99E61C2FBAFDBA003471C4 /* LoginViewController.swift in Sources */ = {isa = PBXBuildFile; fileRef = 0C99E61B2FBAFDBA003471C4 /* LoginViewController.swift */; };
		0C99E61E2FBAFE05003471C4 /* RegisterViewController.swift in Sources */ = {isa = PBXBuildFile; fileRef = 0C99E61D2FBAFE04003471C4 /* RegisterViewController.swift */; };
		0C99E6202FBAFE10003471C4 /* RegisterScreen.swift in Sources */ = {isa = PBXBuildFile; fileRef = 0C99E61F2FBAFE10003471C4 /* RegisterScreen.swift */; };
		0C99E6222FBAFE64003471C4 /* BookmarksScreen.swift in Sources */ = {isa = PBXBuildFile; fileRef = 0C99E6212FBAFE64003471C4 /* BookmarksScreen.swift */; };
		0C99E6242FBAFE7B003471C4 /* MainTabBarController.swift in Sources */ = {isa = PBXBuildFile; fileRef = 0C99E6232FBAFE7B003471C4 /* MainTabBarController.swift */; };
		0C99E6262FBAFE83003471C4 /* BookmarksViewController.swift in Sources */ = {isa = PBXBuildFile; fileRef = 0C99E6252FBAFE83003471C4 /* BookmarksViewController.swift */; };
		0C99E6282FBAFEBD003471C4 /* ProfileViewController.swift in Sources */ = {isa = PBXBuildFile; fileRef = 0C99E6272FBAFEBD003471C4 /* ProfileViewController.swift */; };
		0C99E62A2FBAFECC003471C4 /* ProfileScreen.swift in Sources */ = {isa = PBXBuildFile; fileRef = 0C99E6292FBAFECB003471C4 /* ProfileScreen.swift */; };
		0C99E62F2FBB86DA003471C4 /* FirebaseAuth in Frameworks */ = {isa = PBXBuildFile; productRef = 0C99E62E2FBB86DA003471C4 /* FirebaseAuth */; };
/* End PBXBuildFile section */

/* Begin PBXContainerItemProxy section */
		0C99E59C2FB9FC02003471C4 /* PBXContainerItemProxy */ = {
			isa = PBXContainerItemProxy;
			containerPortal = 0C99E5832FB9FBFD003471C4 /* Project object */;
			proxyType = 1;
			remoteGlobalIDString = 0C99E58A2FB9FBFD003471C4;
			remoteInfo = NewsApp;
		};
		0C99E5A62FB9FC02003471C4 /* PBXContainerItemProxy */ = {
			isa = PBXContainerItemProxy;
			containerPortal = 0C99E5832FB9FBFD003471C4 /* Project object */;
			proxyType = 1;
			remoteGlobalIDString = 0C99E58A2FB9FBFD003471C4;
			remoteInfo = NewsApp;
		};
/* End PBXContainerItemProxy section */

/* Begin PBXFileReference section */
		0C99E58B2FB9FBFD003471C4 /* NewsApp.app */ = {isa = PBXFileReference; explicitFileType = wrapper.application; includeInIndex = 0; path = NewsApp.app; sourceTree = BUILT_PRODUCTS_DIR; };
		0C99E5922FB9FC02003471C4 /* Assets.xcassets */ = {isa = PBXFileReference; lastKnownFileType = folder.assetcatalog; path = Assets.xcassets; sourceTree = "<group>"; };
		0C99E5952FB9FC02003471C4 /* Preview Assets.xcassets */ = {isa = PBXFileReference; lastKnownFileType = folder.assetcatalog; path = "Preview Assets.xcassets"; sourceTree = "<group>"; };
		0C99E59B2FB9FC02003471C4 /* NewsAppTests.xctest */ = {isa = PBXFileReference; explicitFileType = wrapper.cfbundle; includeInIndex = 0; path = NewsAppTests.xctest; sourceTree = BUILT_PRODUCTS_DIR; };
		0C99E59F2FB9FC02003471C4 /* NewsAppTests.swift */ = {isa = PBXFileReference; lastKnownFileType = sourcecode.swift; path = NewsAppTests.swift; sourceTree = "<group>"; };
		0C99E5A52FB9FC02003471C4 /* NewsAppUITests.xctest */ = {isa = PBXFileReference; explicitFileType = wrapper.cfbundle; includeInIndex = 0; path = NewsAppUITests.xctest; sourceTree = BUILT_PRODUCTS_DIR; };
		0C99E5A92FB9FC02003471C4 /* NewsAppUITests.swift */ = {isa = PBXFileReference; lastKnownFileType = sourcecode.swift; path = NewsAppUITests.swift; sourceTree = "<group>"; };
		0C99E5AB2FB9FC02003471C4 /* NewsAppUITestsLaunchTests.swift */ = {isa = PBXFileReference; lastKnownFileType = sourcecode.swift; path = NewsAppUITestsLaunchTests.swift; sourceTree = "<group>"; };
		0C99E5EB2FBA083F003471C4 /* NewsApp.swift */ = {isa = PBXFileReference; fileEncoding = 4; lastKnownFileType = sourcecode.swift; path = NewsApp.swift; sourceTree = "<group>"; };
		0C99E5F22FBA0ABE003471C4 /* HomeViewController.swift */ = {isa = PBXFileReference; fileEncoding = 4; lastKnownFileType = sourcecode.swift; path = HomeViewController.swift; sourceTree = "<group>"; };
		0C99E5F52FBA0AD8003471C4 /* ArticleCell.swift */ = {isa = PBXFileReference; fileEncoding = 4; lastKnownFileType = sourcecode.swift; path = ArticleCell.swift; sourceTree = "<group>"; };
		0C99E5F62FBA0AD8003471C4 /* CategoryCell.swift */ = {isa = PBXFileReference; fileEncoding = 4; lastKnownFileType = sourcecode.swift; path = CategoryCell.swift; sourceTree = "<group>"; };
		0C99E5FA2FBA0AEB003471C4 /* Category.swift */ = {isa = PBXFileReference; fileEncoding = 4; lastKnownFileType = sourcecode.swift; path = Category.swift; sourceTree = "<group>"; };
		0C99E5FB2FBA0AEB003471C4 /* Article.swift */ = {isa = PBXFileReference; fileEncoding = 4; lastKnownFileType = sourcecode.swift; path = Article.swift; sourceTree = "<group>"; };
		0C99E5FF2FBA0AFC003471C4 /* HomeScreen.swift */ = {isa = PBXFileReference; fileEncoding = 4; lastKnownFileType = sourcecode.swift; path = HomeScreen.swift; sourceTree = "<group>"; };
		0C99E6022FBA0B03003471C4 /* FirebaseAPIService.swift */ = {isa = PBXFileReference; fileEncoding = 4; lastKnownFileType = sourcecode.swift; path = FirebaseAPIService.swift; sourceTree = "<group>"; };
		0C99E6042FBA0B15003471C4 /* GoogleService-Info.plist */ = {isa = PBXFileReference; fileEncoding = 4; lastKnownFileType = text.plist.xml; path = "GoogleService-Info.plist"; sourceTree = "<group>"; };
		0C99E6062FBA108E003471C4 /* ArticleDetailScreen.swift */ = {isa = PBXFileReference; fileEncoding = 4; lastKnownFileType = sourcecode.swift; path = ArticleDetailScreen.swift; sourceTree = "<group>"; };
		0C99E6082FBA109F003471C4 /* ArticleDetailViewController.swift */ = {isa = PBXFileReference; fileEncoding = 4; lastKnownFileType = sourcecode.swift; path = ArticleDetailViewController.swift; sourceTree = "<group>"; };
		0C99E60C2FBA11DD003471C4 /* UIImageView+AsyncLoad.swift */ = {isa = PBXFileReference; fileEncoding = 4; lastKnownFileType = sourcecode.swift; path = "UIImageView+AsyncLoad.swift"; sourceTree = "<group>"; };
		0C99E6152FBAF585003471C4 /* FeaturedArticleView.swift */ = {isa = PBXFileReference; fileEncoding = 4; lastKnownFileType = sourcecode.swift; path = FeaturedArticleView.swift; sourceTree = "<group>"; };
		0C99E6172FBAFD3B003471C4 /* User.swift */ = {isa = PBXFileReference; fileEncoding = 4; lastKnownFileType = sourcecode.swift; path = User.swift; sourceTree = "<group>"; };
		0C99E6192FBAFDA3003471C4 /* LoginScreen.swift */ = {isa = PBXFileReference; fileEncoding = 4; lastKnownFileType = sourcecode.swift; path = LoginScreen.swift; sourceTree = "<group>"; };
		0C99E61B2FBAFDBA003471C4 /* LoginViewController.swift */ = {isa = PBXFileReference; fileEncoding = 4; lastKnownFileType = sourcecode.swift; path = LoginViewController.swift; sourceTree = "<group>"; };
		0C99E61D2FBAFE04003471C4 /* RegisterViewController.swift */ = {isa = PBXFileReference; fileEncoding = 4; lastKnownFileType = sourcecode.swift; path = RegisterViewController.swift; sourceTree = "<group>"; };
		0C99E61F2FBAFE10003471C4 /* RegisterScreen.swift */ = {isa = PBXFileReference; fileEncoding = 4; lastKnownFileType = sourcecode.swift; path = RegisterScreen.swift; sourceTree = "<group>"; };
		0C99E6212FBAFE64003471C4 /* BookmarksScreen.swift */ = {isa = PBXFileReference; fileEncoding = 4; lastKnownFileType = sourcecode.swift; path = BookmarksScreen.swift; sourceTree = "<group>"; };
		0C99E6232FBAFE7B003471C4 /* MainTabBarController.swift */ = {isa = PBXFileReference; fileEncoding = 4; lastKnownFileType = sourcecode.swift; path = MainTabBarController.swift; sourceTree = "<group>"; };
		0C99E6252FBAFE83003471C4 /* BookmarksViewController.swift */ = {isa = PBXFileReference; fileEncoding = 4; lastKnownFileType = sourcecode.swift; path = BookmarksViewController.swift; sourceTree = "<group>"; };
		0C99E6272FBAFEBD003471C4 /* ProfileViewController.swift */ = {isa = PBXFileReference; fileEncoding = 4; lastKnownFileType = sourcecode.swift; path = ProfileViewController.swift; sourceTree = "<group>"; };
		0C99E6292FBAFECB003471C4 /* ProfileScreen.swift */ = {isa = PBXFileReference; fileEncoding = 4; lastKnownFileType = sourcecode.swift; path = ProfileScreen.swift; sourceTree = "<group>"; };
		0C99E62C2FBB862E003471C4 /* Info.plist */ = {isa = PBXFileReference; lastKnownFileType = text.plist; path = Info.plist; sourceTree = "<group>"; };
/* End PBXFileReference section */

/* Begin PBXFrameworksBuildPhase section */
		0C99E5882FB9FBFD003471C4 /* Frameworks */ = {
			isa = PBXFrameworksBuildPhase;
			buildActionMask = 2147483647;
			files = (
				0C99E6102FBA1509003471C4 /* FirebaseAnalytics in Frameworks */,
				0C99E6122FBA1509003471C4 /* FirebaseFirestore in Frameworks */,
				0C99E6142FBA1509003471C4 /* FirebaseFirestoreSwift in Frameworks */,
				0C99E62F2FBB86DA003471C4 /* FirebaseAuth in Frameworks */,
			);
			runOnlyForDeploymentPostprocessing = 0;
		};
		0C99E5982FB9FC02003471C4 /* Frameworks */ = {
			isa = PBXFrameworksBuildPhase;
			buildActionMask = 2147483647;
			files = (
			);
			runOnlyForDeploymentPostprocessing = 0;
		};
		0C99E5A22FB9FC02003471C4 /* Frameworks */ = {
			isa = PBXFrameworksBuildPhase;
			buildActionMask = 2147483647;
			files = (
			);
			runOnlyForDeploymentPostprocessing = 0;
		};
/* End PBXFrameworksBuildPhase section */

/* Begin PBXGroup section */
		0C99E5822FB9FBFD003471C4 = {
			isa = PBXGroup;
			children = (
				0C99E58D2FB9FBFD003471C4 /* NewsApp */,
				0C99E59E2FB9FC02003471C4 /* NewsAppTests */,
				0C99E5A82FB9FC02003471C4 /* NewsAppUITests */,
				0C99E58C2FB9FBFD003471C4 /* Products */,
				0C99E62D2FBB86DA003471C4 /* Frameworks */,
			);
			sourceTree = "<group>";
		};
		0C99E58C2FB9FBFD003471C4 /* Products */ = {
			isa = PBXGroup;
			children = (
				0C99E58B2FB9FBFD003471C4 /* NewsApp.app */,
				0C99E59B2FB9FC02003471C4 /* NewsAppTests.xctest */,
				0C99E5A52FB9FC02003471C4 /* NewsAppUITests.xctest */,
			);
			name = Products;
			sourceTree = "<group>";
		};
		0C99E58D2FB9FBFD003471C4 /* NewsApp */ = {
			isa = PBXGroup;
			children = (
				0C99E62C2FBB862E003471C4 /* Info.plist */,
				0C99E60B2FBA11DD003471C4 /* Extensions */,
				0C99E6042FBA0B15003471C4 /* GoogleService-Info.plist */,
				0C99E6012FBA0B03003471C4 /* Services */,
				0C99E5FE2FBA0AFC003471C4 /* Screens */,
				0C99E5F92FBA0AEB003471C4 /* Models */,
				0C99E5F42FBA0AD8003471C4 /* Views */,
				0C99E5EB2FBA083F003471C4 /* NewsApp.swift */,
				0C99E5F12FBA0ABE003471C4 /* Controllers */,
				0C99E5922FB9FC02003471C4 /* Assets.xcassets */,
				0C99E5942FB9FC02003471C4 /* Preview Content */,
			);
			path = NewsApp;
			sourceTree = "<group>";
		};
		0C99E5942FB9FC02003471C4 /* Preview Content */ = {
			isa = PBXGroup;
			children = (
				0C99E5952FB9FC02003471C4 /* Preview Assets.xcassets */,
			);
			path = "Preview Content";
			sourceTree = "<group>";
		};
		0C99E59E2FB9FC02003471C4 /* NewsAppTests */ = {
			isa = PBXGroup;
			children = (
				0C99E59F2FB9FC02003471C4 /* NewsAppTests.swift */,
			);
			path = NewsAppTests;
			sourceTree = "<group>";
		};
		0C99E5A82FB9FC02003471C4 /* NewsAppUITests */ = {
			isa = PBXGroup;
			children = (
				0C99E5A92FB9FC02003471C4 /* NewsAppUITests.swift */,
				0C99E5AB2FB9FC02003471C4 /* NewsAppUITestsLaunchTests.swift */,
			);
			path = NewsAppUITests;
			sourceTree = "<group>";
		};
		0C99E5F12FBA0ABE003471C4 /* Controllers */ = {
			isa = PBXGroup;
			children = (
				0C99E61B2FBAFDBA003471C4 /* LoginViewController.swift */,
				0C99E61D2FBAFE04003471C4 /* RegisterViewController.swift */,
				0C99E6232FBAFE7B003471C4 /* MainTabBarController.swift */,
				0C99E6272FBAFEBD003471C4 /* ProfileViewController.swift */,
				0C99E6082FBA109F003471C4 /* ArticleDetailViewController.swift */,
				0C99E5F22FBA0ABE003471C4 /* HomeViewController.swift */,
				0C99E6252FBAFE83003471C4 /* BookmarksViewController.swift */,
			);
			path = Controllers;
			sourceTree = "<group>";
		};
		0C99E5F42FBA0AD8003471C4 /* Views */ = {
			isa = PBXGroup;
			children = (
				0C99E6152FBAF585003471C4 /* FeaturedArticleView.swift */,
				0C99E5F52FBA0AD8003471C4 /* ArticleCell.swift */,
				0C99E5F62FBA0AD8003471C4 /* CategoryCell.swift */,
			);
			path = Views;
			sourceTree = "<group>";
		};
		0C99E5F92FBA0AEB003471C4 /* Models */ = {
			isa = PBXGroup;
			children = (
				0C99E6172FBAFD3B003471C4 /* User.swift */,
				0C99E5FA2FBA0AEB003471C4 /* Category.swift */,
				0C99E5FB2FBA0AEB003471C4 /* Article.swift */,
			);
			path = Models;
			sourceTree = "<group>";
		};
		0C99E5FE2FBA0AFC003471C4 /* Screens */ = {
			isa = PBXGroup;
			children = (
				0C99E6212FBAFE64003471C4 /* BookmarksScreen.swift */,
				0C99E6192FBAFDA3003471C4 /* LoginScreen.swift */,
				0C99E61F2FBAFE10003471C4 /* RegisterScreen.swift */,
				0C99E6292FBAFECB003471C4 /* ProfileScreen.swift */,
				0C99E6062FBA108E003471C4 /* ArticleDetailScreen.swift */,
				0C99E5FF2FBA0AFC003471C4 /* HomeScreen.swift */,
			);
			path = Screens;
			sourceTree = "<group>";
		};
		0C99E6012FBA0B03003471C4 /* Services */ = {
			isa = PBXGroup;
			children = (
				0C99E6022FBA0B03003471C4 /* FirebaseAPIService.swift */,
			);
			path = Services;
			sourceTree = "<group>";
		};
		0C99E60B2FBA11DD003471C4 /* Extensions */ = {
			isa = PBXGroup;
			children = (
				0C99E60C2FBA11DD003471C4 /* UIImageView+AsyncLoad.swift */,
			);
			path = Extensions;
			sourceTree = "<group>";
		};
		0C99E62D2FBB86DA003471C4 /* Frameworks */ = {
			isa = PBXGroup;
			children = (
			);
			name = Frameworks;
			sourceTree = "<group>";
		};
/* End PBXGroup section */

/* Begin PBXNativeTarget section */
		0C99E58A2FB9FBFD003471C4 /* NewsApp */ = {
			isa = PBXNativeTarget;
			buildConfigurationList = 0C99E5AF2FB9FC02003471C4 /* Build configuration list for PBXNativeTarget "NewsApp" */;
			buildPhases = (
				0C99E5872FB9FBFD003471C4 /* Sources */,
				0C99E5882FB9FBFD003471C4 /* Frameworks */,
				0C99E5892FB9FBFD003471C4 /* Resources */,
			);
			buildRules = (
			);
			dependencies = (
			);
			name = NewsApp;
			packageProductDependencies = (
				0C99E60F2FBA1509003471C4 /* FirebaseAnalytics */,
				0C99E6112FBA1509003471C4 /* FirebaseFirestore */,
				0C99E6132FBA1509003471C4 /* FirebaseFirestoreSwift */,
				0C99E62E2FBB86DA003471C4 /* FirebaseAuth */,
			);
			productName = NewsApp;
			productReference = 0C99E58B2FB9FBFD003471C4 /* NewsApp.app */;
			productType = "com.apple.product-type.application";
		};
		0C99E59A2FB9FC02003471C4 /* NewsAppTests */ = {
			isa = PBXNativeTarget;
			buildConfigurationList = 0C99E5B22FB9FC02003471C4 /* Build configuration list for PBXNativeTarget "NewsAppTests" */;
			buildPhases = (
				0C99E5972FB9FC02003471C4 /* Sources */,
				0C99E5982FB9FC02003471C4 /* Frameworks */,
				0C99E5992FB9FC02003471C4 /* Resources */,
			);
			buildRules = (
			);
			dependencies = (
				0C99E59D2FB9FC02003471C4 /* PBXTargetDependency */,
			);
			name = NewsAppTests;
			productName = NewsAppTests;
			productReference = 0C99E59B2FB9FC02003471C4 /* NewsAppTests.xctest */;
			productType = "com.apple.product-type.bundle.unit-test";
		};
		0C99E5A42FB9FC02003471C4 /* NewsAppUITests */ = {
			isa = PBXNativeTarget;
			buildConfigurationList = 0C99E5B52FB9FC02003471C4 /* Build configuration list for PBXNativeTarget "NewsAppUITests" */;
			buildPhases = (
				0C99E5A12FB9FC02003471C4 /* Sources */,
				0C99E5A22FB9FC02003471C4 /* Frameworks */,
				0C99E5A32FB9FC02003471C4 /* Resources */,
			);
			buildRules = (
			);
			dependencies = (
				0C99E5A72FB9FC02003471C4 /* PBXTargetDependency */,
			);
			name = NewsAppUITests;
			productName = NewsAppUITests;
			productReference = 0C99E5A52FB9FC02003471C4 /* NewsAppUITests.xctest */;
			productType = "com.apple.product-type.bundle.ui-testing";
		};
/* End PBXNativeTarget section */

/* Begin PBXProject section */
		0C99E5832FB9FBFD003471C4 /* Project object */ = {
			isa = PBXProject;
			attributes = {
				BuildIndependentTargetsInParallel = 1;
				LastSwiftUpdateCheck = 1420;
				LastUpgradeCheck = 1420;
				TargetAttributes = {
					0C99E58A2FB9FBFD003471C4 = {
						CreatedOnToolsVersion = 14.2;
					};
					0C99E59A2FB9FC02003471C4 = {
						CreatedOnToolsVersion = 14.2;
						TestTargetID = 0C99E58A2FB9FBFD003471C4;
					};
					0C99E5A42FB9FC02003471C4 = {
						CreatedOnToolsVersion = 14.2;
						TestTargetID = 0C99E58A2FB9FBFD003471C4;
					};
				};
			};
			buildConfigurationList = 0C99E5862FB9FBFD003471C4 /* Build configuration list for PBXProject "NewsApp" */;
			compatibilityVersion = "Xcode 14.0";
			developmentRegion = en;
			hasScannedForEncodings = 0;
			knownRegions = (
				en,
				Base,
			);
			mainGroup = 0C99E5822FB9FBFD003471C4;
			packageReferences = (
				0C99E60E2FBA1509003471C4 /* XCRemoteSwiftPackageReference "firebase-ios-sdk" */,
			);
			productRefGroup = 0C99E58C2FB9FBFD003471C4 /* Products */;
			projectDirPath = "";
			projectRoot = "";
			targets = (
				0C99E58A2FB9FBFD003471C4 /* NewsApp */,
				0C99E59A2FB9FC02003471C4 /* NewsAppTests */,
				0C99E5A42FB9FC02003471C4 /* NewsAppUITests */,
			);
		};
/* End PBXProject section */

/* Begin PBXResourcesBuildPhase section */
		0C99E5892FB9FBFD003471C4 /* Resources */ = {
			isa = PBXResourcesBuildPhase;
			buildActionMask = 2147483647;
			files = (
				0C99E5962FB9FC02003471C4 /* Preview Assets.xcassets in Resources */,
				0C99E5932FB9FC02003471C4 /* Assets.xcassets in Resources */,
				0C99E6052FBA0B15003471C4 /* GoogleService-Info.plist in Resources */,
			);
			runOnlyForDeploymentPostprocessing = 0;
		};
		0C99E5992FB9FC02003471C4 /* Resources */ = {
			isa = PBXResourcesBuildPhase;
			buildActionMask = 2147483647;
			files = (
			);
			runOnlyForDeploymentPostprocessing = 0;
		};
		0C99E5A32FB9FC02003471C4 /* Resources */ = {
			isa = PBXResourcesBuildPhase;
			buildActionMask = 2147483647;
			files = (
			);
			runOnlyForDeploymentPostprocessing = 0;
		};
/* End PBXResourcesBuildPhase section */

/* Begin PBXSourcesBuildPhase section */
		0C99E5872FB9FBFD003471C4 /* Sources */ = {
			isa = PBXSourcesBuildPhase;
			buildActionMask = 2147483647;
			files = (
				0C99E6262FBAFE83003471C4 /* BookmarksViewController.swift in Sources */,
				0C99E6182FBAFD3B003471C4 /* User.swift in Sources */,
				0C99E5EC2FBA083F003471C4 /* NewsApp.swift in Sources */,
				0C99E5FC2FBA0AEB003471C4 /* Category.swift in Sources */,
				0C99E6222FBAFE64003471C4 /* BookmarksScreen.swift in Sources */,
				0C99E61C2FBAFDBA003471C4 /* LoginViewController.swift in Sources */,
				0C99E6202FBAFE10003471C4 /* RegisterScreen.swift in Sources */,
				0C99E6072FBA108E003471C4 /* ArticleDetailScreen.swift in Sources */,
				0C99E6002FBA0AFC003471C4 /* HomeScreen.swift in Sources */,
				0C99E6092FBA109F003471C4 /* ArticleDetailViewController.swift in Sources */,
				0C99E5FD2FBA0AEB003471C4 /* Article.swift in Sources */,
				0C99E5F32FBA0ABE003471C4 /* HomeViewController.swift in Sources */,
				0C99E60D2FBA11DD003471C4 /* UIImageView+AsyncLoad.swift in Sources */,
				0C99E5F72FBA0AD8003471C4 /* ArticleCell.swift in Sources */,
				0C99E6242FBAFE7B003471C4 /* MainTabBarController.swift in Sources */,
				0C99E62A2FBAFECC003471C4 /* ProfileScreen.swift in Sources */,
				0C99E61E2FBAFE05003471C4 /* RegisterViewController.swift in Sources */,
				0C99E5F82FBA0AD8003471C4 /* CategoryCell.swift in Sources */,
				0C99E61A2FBAFDA3003471C4 /* LoginScreen.swift in Sources */,
				0C99E6282FBAFEBD003471C4 /* ProfileViewController.swift in Sources */,
				0C99E6032FBA0B03003471C4 /* FirebaseAPIService.swift in Sources */,
				0C99E6162FBAF586003471C4 /* FeaturedArticleView.swift in Sources */,
			);
			runOnlyForDeploymentPostprocessing = 0;
		};
		0C99E5972FB9FC02003471C4 /* Sources */ = {
			isa = PBXSourcesBuildPhase;
			buildActionMask = 2147483647;
			files = (
				0C99E5ED2FBA083F003471C4 /* NewsApp.swift in Sources */,
				0C99E5A02FB9FC02003471C4 /* NewsAppTests.swift in Sources */,
			);
			runOnlyForDeploymentPostprocessing = 0;
		};
		0C99E5A12FB9FC02003471C4 /* Sources */ = {
			isa = PBXSourcesBuildPhase;
			buildActionMask = 2147483647;
			files = (
				0C99E5AA2FB9FC02003471C4 /* NewsAppUITests.swift in Sources */,
				0C99E5AC2FB9FC02003471C4 /* NewsAppUITestsLaunchTests.swift in Sources */,
				0C99E5EE2FBA083F003471C4 /* NewsApp.swift in Sources */,
			);
			runOnlyForDeploymentPostprocessing = 0;
		};
/* End PBXSourcesBuildPhase section */

/* Begin PBXTargetDependency section */
		0C99E59D2FB9FC02003471C4 /* PBXTargetDependency */ = {
			isa = PBXTargetDependency;
			target = 0C99E58A2FB9FBFD003471C4 /* NewsApp */;
			targetProxy = 0C99E59C2FB9FC02003471C4 /* PBXContainerItemProxy */;
		};
		0C99E5A72FB9FC02003471C4 /* PBXTargetDependency */ = {
			isa = PBXTargetDependency;
			target = 0C99E58A2FB9FBFD003471C4 /* NewsApp */;
			targetProxy = 0C99E5A62FB9FC02003471C4 /* PBXContainerItemProxy */;
		};
/* End PBXTargetDependency section */

/* Begin XCBuildConfiguration section */
		0C99E5AD2FB9FC02003471C4 /* Debug */ = {
			isa = XCBuildConfiguration;
			buildSettings = {
				ALWAYS_SEARCH_USER_PATHS = NO;
				CLANG_ANALYZER_NONNULL = YES;
				CLANG_ANALYZER_NUMBER_OBJECT_CONVERSION = YES_AGGRESSIVE;
				CLANG_CXX_LANGUAGE_STANDARD = "gnu++20";
				CLANG_ENABLE_MODULES = YES;
				CLANG_ENABLE_OBJC_ARC = YES;
				CLANG_ENABLE_OBJC_WEAK = YES;
				CLANG_WARN_BLOCK_CAPTURE_AUTORELEASING = YES;
				CLANG_WARN_BOOL_CONVERSION = YES;
				CLANG_WARN_COMMA = YES;
				CLANG_WARN_CONSTANT_CONVERSION = YES;
				CLANG_WARN_DEPRECATED_OBJC_IMPLEMENTATIONS = YES;
				CLANG_WARN_DIRECT_OBJC_ISA_USAGE = YES_ERROR;
				CLANG_WARN_DOCUMENTATION_COMMENTS = YES;
				CLANG_WARN_EMPTY_BODY = YES;
				CLANG_WARN_ENUM_CONVERSION = YES;
				CLANG_WARN_INFINITE_RECURSION = YES;
				CLANG_WARN_INT_CONVERSION = YES;
				CLANG_WARN_NON_LITERAL_NULL_CONVERSION = YES;
				CLANG_WARN_OBJC_IMPLICIT_RETAIN_SELF = YES;
				CLANG_WARN_OBJC_LITERAL_CONVERSION = YES;
				CLANG_WARN_OBJC_ROOT_CLASS = YES_ERROR;
				CLANG_WARN_QUOTED_INCLUDE_IN_FRAMEWORK_HEADER = YES;
				CLANG_WARN_RANGE_LOOP_ANALYSIS = YES;
				CLANG_WARN_STRICT_PROTOTYPES = YES;
				CLANG_WARN_SUSPICIOUS_MOVE = YES;
				CLANG_WARN_UNGUARDED_AVAILABILITY = YES_AGGRESSIVE;
				CLANG_WARN_UNREACHABLE_CODE = YES;
				CLANG_WARN__DUPLICATE_METHOD_MATCH = YES;
				COPY_PHASE_STRIP = NO;
				DEBUG_INFORMATION_FORMAT = dwarf;
				ENABLE_STRICT_OBJC_MSGSEND = YES;
				ENABLE_TESTABILITY = YES;
				GCC_C_LANGUAGE_STANDARD = gnu11;
				GCC_DYNAMIC_NO_PIC = NO;
				GCC_NO_COMMON_BLOCKS = YES;
				GCC_OPTIMIZATION_LEVEL = 0;
				GCC_PREPROCESSOR_DEFINITIONS = (
					"DEBUG=1",
					"$(inherited)",
				);
				GCC_WARN_64_TO_32_BIT_CONVERSION = YES;
				GCC_WARN_ABOUT_RETURN_TYPE = YES_ERROR;
				GCC_WARN_UNDECLARED_SELECTOR = YES;
				GCC_WARN_UNINITIALIZED_AUTOS = YES_AGGRESSIVE;
				GCC_WARN_UNUSED_FUNCTION = YES;
				GCC_WARN_UNUSED_VARIABLE = YES;
				IPHONEOS_DEPLOYMENT_TARGET = 16.2;
				MTL_ENABLE_DEBUG_INFO = INCLUDE_SOURCE;
				MTL_FAST_MATH = YES;
				ONLY_ACTIVE_ARCH = YES;
				SDKROOT = iphoneos;
				SWIFT_ACTIVE_COMPILATION_CONDITIONS = DEBUG;
				SWIFT_OPTIMIZATION_LEVEL = "-Onone";
			};
			name = Debug;
		};
		0C99E5AE2FB9FC02003471C4 /* Release */ = {
			isa = XCBuildConfiguration;
			buildSettings = {
				ALWAYS_SEARCH_USER_PATHS = NO;
				CLANG_ANALYZER_NONNULL = YES;
				CLANG_ANALYZER_NUMBER_OBJECT_CONVERSION = YES_AGGRESSIVE;
				CLANG_CXX_LANGUAGE_STANDARD = "gnu++20";
				CLANG_ENABLE_MODULES = YES;
				CLANG_ENABLE_OBJC_ARC = YES;
				CLANG_ENABLE_OBJC_WEAK = YES;
				CLANG_WARN_BLOCK_CAPTURE_AUTORELEASING = YES;
				CLANG_WARN_BOOL_CONVERSION = YES;
				CLANG_WARN_COMMA = YES;
				CLANG_WARN_CONSTANT_CONVERSION = YES;
				CLANG_WARN_DEPRECATED_OBJC_IMPLEMENTATIONS = YES;
				CLANG_WARN_DIRECT_OBJC_ISA_USAGE = YES_ERROR;
				CLANG_WARN_DOCUMENTATION_COMMENTS = YES;
				CLANG_WARN_EMPTY_BODY = YES;
				CLANG_WARN_ENUM_CONVERSION = YES;
				CLANG_WARN_INFINITE_RECURSION = YES;
				CLANG_WARN_INT_CONVERSION = YES;
				CLANG_WARN_NON_LITERAL_NULL_CONVERSION = YES;
				CLANG_WARN_OBJC_IMPLICIT_RETAIN_SELF = YES;
				CLANG_WARN_OBJC_LITERAL_CONVERSION = YES;
				CLANG_WARN_OBJC_ROOT_CLASS = YES_ERROR;
				CLANG_WARN_QUOTED_INCLUDE_IN_FRAMEWORK_HEADER = YES;
				CLANG_WARN_RANGE_LOOP_ANALYSIS = YES;
				CLANG_WARN_STRICT_PROTOTYPES = YES;
				CLANG_WARN_SUSPICIOUS_MOVE = YES;
				CLANG_WARN_UNGUARDED_AVAILABILITY = YES_AGGRESSIVE;
				CLANG_WARN_UNREACHABLE_CODE = YES;
				CLANG_WARN__DUPLICATE_METHOD_MATCH = YES;
				COPY_PHASE_STRIP = NO;
				DEBUG_INFORMATION_FORMAT = "dwarf-with-dsym";
				ENABLE_NS_ASSERTIONS = NO;
				ENABLE_STRICT_OBJC_MSGSEND = YES;
				GCC_C_LANGUAGE_STANDARD = gnu11;
				GCC_NO_COMMON_BLOCKS = YES;
				GCC_WARN_64_TO_32_BIT_CONVERSION = YES;
				GCC_WARN_ABOUT_RETURN_TYPE = YES_ERROR;
				GCC_WARN_UNDECLARED_SELECTOR = YES;
				GCC_WARN_UNINITIALIZED_AUTOS = YES_AGGRESSIVE;
				GCC_WARN_UNUSED_FUNCTION = YES;
				GCC_WARN_UNUSED_VARIABLE = YES;
				IPHONEOS_DEPLOYMENT_TARGET = 16.2;
				MTL_ENABLE_DEBUG_INFO = NO;
				MTL_FAST_MATH = YES;
				SDKROOT = iphoneos;
				SWIFT_COMPILATION_MODE = wholemodule;
				SWIFT_OPTIMIZATION_LEVEL = "-O";
				VALIDATE_PRODUCT = YES;
			};
			name = Release;
		};
		0C99E5B02FB9FC02003471C4 /* Debug */ = {
			isa = XCBuildConfiguration;
			buildSettings = {
				ASSETCATALOG_COMPILER_APPICON_NAME = AppIcon;
				ASSETCATALOG_COMPILER_GLOBAL_ACCENT_COLOR_NAME = AccentColor;
				CODE_SIGN_STYLE = Automatic;
				CURRENT_PROJECT_VERSION = 1;
				DEVELOPMENT_ASSET_PATHS = "\"NewsApp/Preview Content\"";
				ENABLE_PREVIEWS = YES;
				GENERATE_INFOPLIST_FILE = YES;
				INFOPLIST_FILE = NewsApp/Info.plist;
				INFOPLIST_KEY_UIApplicationSceneManifest_Generation = YES;
				INFOPLIST_KEY_UIApplicationSupportsIndirectInputEvents = YES;
				INFOPLIST_KEY_UILaunchScreen_Generation = YES;
				INFOPLIST_KEY_UISupportedInterfaceOrientations_iPad = "UIInterfaceOrientationPortrait UIInterfaceOrientationPortraitUpsideDown UIInterfaceOrientationLandscapeLeft UIInterfaceOrientationLandscapeRight";
				INFOPLIST_KEY_UISupportedInterfaceOrientations_iPhone = "UIInterfaceOrientationPortrait UIInterfaceOrientationLandscapeLeft UIInterfaceOrientationLandscapeRight";
				LD_RUNPATH_SEARCH_PATHS = (
					"$(inherited)",
					"@executable_path/Frameworks",
				);
				MARKETING_VERSION = 1.0;
				PRODUCT_BUNDLE_IDENTIFIER = com.newsapp.ios;
				PRODUCT_NAME = "$(TARGET_NAME)";
				SWIFT_EMIT_LOC_STRINGS = YES;
				SWIFT_VERSION = 5.0;
				TARGETED_DEVICE_FAMILY = "1,2";
			};
			name = Debug;
		};
		0C99E5B12FB9FC02003471C4 /* Release */ = {
			isa = XCBuildConfiguration;
			buildSettings = {
				ASSETCATALOG_COMPILER_APPICON_NAME = AppIcon;
				ASSETCATALOG_COMPILER_GLOBAL_ACCENT_COLOR_NAME = AccentColor;
				CODE_SIGN_STYLE = Automatic;
				CURRENT_PROJECT_VERSION = 1;
				DEVELOPMENT_ASSET_PATHS = "\"NewsApp/Preview Content\"";
				ENABLE_PREVIEWS = YES;
				GENERATE_INFOPLIST_FILE = YES;
				INFOPLIST_FILE = NewsApp/Info.plist;
				INFOPLIST_KEY_UIApplicationSceneManifest_Generation = YES;
				INFOPLIST_KEY_UIApplicationSupportsIndirectInputEvents = YES;
				INFOPLIST_KEY_UILaunchScreen_Generation = YES;
				INFOPLIST_KEY_UISupportedInterfaceOrientations_iPad = "UIInterfaceOrientationPortrait UIInterfaceOrientationPortraitUpsideDown UIInterfaceOrientationLandscapeLeft UIInterfaceOrientationLandscapeRight";
				INFOPLIST_KEY_UISupportedInterfaceOrientations_iPhone = "UIInterfaceOrientationPortrait UIInterfaceOrientationLandscapeLeft UIInterfaceOrientationLandscapeRight";
				LD_RUNPATH_SEARCH_PATHS = (
					"$(inherited)",
					"@executable_path/Frameworks",
				);
				MARKETING_VERSION = 1.0;
				PRODUCT_BUNDLE_IDENTIFIER = com.newsapp.ios;
				PRODUCT_NAME = "$(TARGET_NAME)";
				SWIFT_EMIT_LOC_STRINGS = YES;
				SWIFT_VERSION = 5.0;
				TARGETED_DEVICE_FAMILY = "1,2";
			};
			name = Release;
		};
		0C99E5B32FB9FC02003471C4 /* Debug */ = {
			isa = XCBuildConfiguration;
			buildSettings = {
				ALWAYS_EMBED_SWIFT_STANDARD_LIBRARIES = YES;
				BUNDLE_LOADER = "$(TEST_HOST)";
				CODE_SIGN_STYLE = Automatic;
				CURRENT_PROJECT_VERSION = 1;
				GENERATE_INFOPLIST_FILE = YES;
				IPHONEOS_DEPLOYMENT_TARGET = 16.2;
				MARKETING_VERSION = 1.0;
				PRODUCT_BUNDLE_IDENTIFIER = tdc.edu.vn.NewsAppTests;
				PRODUCT_NAME = "$(TARGET_NAME)";
				SWIFT_EMIT_LOC_STRINGS = NO;
				SWIFT_VERSION = 5.0;
				TARGETED_DEVICE_FAMILY = "1,2";
				TEST_HOST = "$(BUILT_PRODUCTS_DIR)/NewsApp.app/$(BUNDLE_EXECUTABLE_FOLDER_PATH)/NewsApp";
			};
			name = Debug;
		};
		0C99E5B42FB9FC02003471C4 /* Release */ = {
			isa = XCBuildConfiguration;
			buildSettings = {
				ALWAYS_EMBED_SWIFT_STANDARD_LIBRARIES = YES;
				BUNDLE_LOADER = "$(TEST_HOST)";
				CODE_SIGN_STYLE = Automatic;
				CURRENT_PROJECT_VERSION = 1;
				GENERATE_INFOPLIST_FILE = YES;
				IPHONEOS_DEPLOYMENT_TARGET = 16.2;
				MARKETING_VERSION = 1.0;
				PRODUCT_BUNDLE_IDENTIFIER = tdc.edu.vn.NewsAppTests;
				PRODUCT_NAME = "$(TARGET_NAME)";
				SWIFT_EMIT_LOC_STRINGS = NO;
				SWIFT_VERSION = 5.0;
				TARGETED_DEVICE_FAMILY = "1,2";
				TEST_HOST = "$(BUILT_PRODUCTS_DIR)/NewsApp.app/$(BUNDLE_EXECUTABLE_FOLDER_PATH)/NewsApp";
			};
			name = Release;
		};
		0C99E5B62FB9FC02003471C4 /* Debug */ = {
			isa = XCBuildConfiguration;
			buildSettings = {
				ALWAYS_EMBED_SWIFT_STANDARD_LIBRARIES = YES;
				CODE_SIGN_STYLE = Automatic;
				CURRENT_PROJECT_VERSION = 1;
				GENERATE_INFOPLIST_FILE = YES;
				MARKETING_VERSION = 1.0;
				PRODUCT_BUNDLE_IDENTIFIER = tdc.edu.vn.NewsAppUITests;
				PRODUCT_NAME = "$(TARGET_NAME)";
				SWIFT_EMIT_LOC_STRINGS = NO;
				SWIFT_VERSION = 5.0;
				TARGETED_DEVICE_FAMILY = "1,2";
				TEST_TARGET_NAME = NewsApp;
			};
			name = Debug;
		};
		0C99E5B72FB9FC02003471C4 /* Release */ = {
			isa = XCBuildConfiguration;
			buildSettings = {
				ALWAYS_EMBED_SWIFT_STANDARD_LIBRARIES = YES;
				CODE_SIGN_STYLE = Automatic;
				CURRENT_PROJECT_VERSION = 1;
				GENERATE_INFOPLIST_FILE = YES;
				MARKETING_VERSION = 1.0;
				PRODUCT_BUNDLE_IDENTIFIER = tdc.edu.vn.NewsAppUITests;
				PRODUCT_NAME = "$(TARGET_NAME)";
				SWIFT_EMIT_LOC_STRINGS = NO;
				SWIFT_VERSION = 5.0;
				TARGETED_DEVICE_FAMILY = "1,2";
				TEST_TARGET_NAME = NewsApp;
			};
			name = Release;
		};
/* End XCBuildConfiguration section */

/* Begin XCConfigurationList section */
		0C99E5862FB9FBFD003471C4 /* Build configuration list for PBXProject "NewsApp" */ = {
			isa = XCConfigurationList;
			buildConfigurations = (
				0C99E5AD2FB9FC02003471C4 /* Debug */,
				0C99E5AE2FB9FC02003471C4 /* Release */,
			);
			defaultConfigurationIsVisible = 0;
			defaultConfigurationName = Release;
		};
		0C99E5AF2FB9FC02003471C4 /* Build configuration list for PBXNativeTarget "NewsApp" */ = {
			isa = XCConfigurationList;
			buildConfigurations = (
				0C99E5B02FB9FC02003471C4 /* Debug */,
				0C99E5B12FB9FC02003471C4 /* Release */,
			);
			defaultConfigurationIsVisible = 0;
			defaultConfigurationName = Release;
		};
		0C99E5B22FB9FC02003471C4 /* Build configuration list for PBXNativeTarget "NewsAppTests" */ = {
			isa = XCConfigurationList;
			buildConfigurations = (
				0C99E5B32FB9FC02003471C4 /* Debug */,
				0C99E5B42FB9FC02003471C4 /* Release */,
			);
			defaultConfigurationIsVisible = 0;
			defaultConfigurationName = Release;
		};
		0C99E5B52FB9FC02003471C4 /* Build configuration list for PBXNativeTarget "NewsAppUITests" */ = {
			isa = XCConfigurationList;
			buildConfigurations = (
				0C99E5B62FB9FC02003471C4 /* Debug */,
				0C99E5B72FB9FC02003471C4 /* Release */,
			);
			defaultConfigurationIsVisible = 0;
			defaultConfigurationName = Release;
		};
/* End XCConfigurationList section */

/* Begin XCRemoteSwiftPackageReference section */
		0C99E60E2FBA1509003471C4 /* XCRemoteSwiftPackageReference "firebase-ios-sdk" */ = {
			isa = XCRemoteSwiftPackageReference;
			repositoryURL = "https://github.com/firebase/firebase-ios-sdk";
			requirement = {
				kind = upToNextMajorVersion;
				minimumVersion = 9.0.0;
			};
		};
/* End XCRemoteSwiftPackageReference section */

/* Begin XCSwiftPackageProductDependency section */
		0C99E60F2FBA1509003471C4 /* FirebaseAnalytics */ = {
			isa = XCSwiftPackageProductDependency;
			package = 0C99E60E2FBA1509003471C4 /* XCRemoteSwiftPackageReference "firebase-ios-sdk" */;
			productName = FirebaseAnalytics;
		};
		0C99E6112FBA1509003471C4 /* FirebaseFirestore */ = {
			isa = XCSwiftPackageProductDependency;
			package = 0C99E60E2FBA1509003471C4 /* XCRemoteSwiftPackageReference "firebase-ios-sdk" */;
			productName = FirebaseFirestore;
		};
		0C99E6132FBA1509003471C4 /* FirebaseFirestoreSwift */ = {
			isa = XCSwiftPackageProductDependency;
			package = 0C99E60E2FBA1509003471C4 /* XCRemoteSwiftPackageReference "firebase-ios-sdk" */;
			productName = FirebaseFirestoreSwift;
		};
		0C99E62E2FBB86DA003471C4 /* FirebaseAuth */ = {
			isa = XCSwiftPackageProductDependency;
			package = 0C99E60E2FBA1509003471C4 /* XCRemoteSwiftPackageReference "firebase-ios-sdk" */;
			productName = FirebaseAuth;
		};
/* End XCSwiftPackageProductDependency section */
	};
	rootObject = 0C99E5832FB9FBFD003471C4 /* Project object */;
}
